
Microsoft Visual Studio Solution File, Format Version 12.00
# Visual Studio Version 17
VisualStudioVersion = 17.14.36127.28 d17.14
MinimumVisualStudioVersion = 10.0.40219.1
Project("{FAE04EC0-301F-11D3-BF4B-00C04F79EFBC}") = "PwcDotnet.Domain", "src\PwcDotnet.Domain\PwcDotnet.Domain.csproj", "{2D8B07A7-12ED-4F5C-83F7-C2BEC3AF9F30}"
EndProject
Project("{FAE04EC0-301F-11D3-BF4B-00C04F79EFBC}") = "PwcDotnet.Application", "src\PwcDotnet.Application\PwcDotnet.Application.csproj", "{36371BD0-652E-413A-88EB-DEAA5713C718}"
EndProject
Global
	GlobalSection(SolutionConfigurationPlatforms) = preSolution
		Debug|Any CPU = Debug|Any CPU
		Release|Any CPU = Release|Any CPU
	EndGlobalSection
	GlobalSection(ProjectConfigurationPlatforms) = postSolution
		{2D8B07A7-12ED-4F5C-83F7-C2BEC3AF9F30}.Debug|Any CPU.ActiveCfg = Debug|Any CPU
		{2D8B07A7-12ED-4F5C-83F7-C2BEC3AF9F30}.Debug|Any CPU.Build.0 = Debug|Any CPU
		{2D8B07A7-12ED-4F5C-83F7-C2BEC3AF9F30}.Release|Any CPU.ActiveCfg = Release|Any CPU
		{2D8B07A7-12ED-4F5C-83F7-C2BEC3AF9F30}.Release|Any CPU.Build.0 = Release|Any CPU
		{36371BD0-652E-413A-88EB-DEAA5713C718}.Debug|Any CPU.ActiveCfg = Debug|Any CPU
		{36371BD0-652E-413A-88EB-DEAA5713C718}.Debug|Any CPU.Build.0 = Debug|Any CPU
		{36371BD0-652E-413A-88EB-DEAA5713C718}.Release|Any CPU.ActiveCfg = Release|Any CPU
		{36371BD0-652E-413A-88EB-DEAA5713C718}.Release|Any CPU.Build.0 = Release|Any CPU
	EndGlobalSection
	GlobalSection(SolutionProperties) = preSolution
		HideSolutionNode = FALSE
	EndGlobalSection
	GlobalSection(ExtensibilityGlobals) = postSolution
		SolutionGuid = {423BD59D-7116-4345-976B-6D2F219A6F9B}
	EndGlobalSection
EndGlobal
